// !$*UTF8*$!
{
	archiveVersion = 1;
	classes = {
	};
	objectVersion = 56;
	objects = {

/* Begin PBXBuildFile section */
		206D35FC2B440E3800260EF1 /* CategoryTableViewCell.swift in Sources */ = {isa = PBXBuildFile; fileRef = 206D35FB2B440E3800260EF1 /* CategoryTableViewCell.swift */; };
		206D35FF2B4416BC00260EF1 /* Kingfisher in Frameworks */ = {isa = PBXBuildFile; productRef = 206D35FE2B4416BC00260EF1 /* Kingfisher */; };
		206D36012B44222F00260EF1 /* BeverageTableViewCell.swift in Sources */ = {isa = PBXBuildFile; fileRef = 206D36002B44222F00260EF1 /* BeverageTableViewCell.swift */; };
		206D36032B44224400260EF1 /* BeverageTableViewController.swift in Sources */ = {isa = PBXBuildFile; fileRef = 206D36022B44224400260EF1 /* BeverageTableViewController.swift */; };
		206D36052B456A0700260EF1 /* DetailViewController.swift in Sources */ = {isa = PBXBuildFile; fileRef = 206D36042B456A0700260EF1 /* DetailViewController.swift */; };
		206D46DA2B4E8019001D76EA /* CheckTableViewController.swift in Sources */ = {isa = PBXBuildFile; fileRef = 206D46D92B4E8019001D76EA /* CheckTableViewController.swift */; };
		206F72592B48F137008314D7 /* ReviseOrderTableViewController.swift in Sources */ = {isa = PBXBuildFile; fileRef = 206F72582B48F137008314D7 /* ReviseOrderTableViewController.swift */; };
		206F725B2B48F15E008314D7 /* ReviseOrderTableViewCell.swift in Sources */ = {isa = PBXBuildFile; fileRef = 206F725A2B48F15E008314D7 /* ReviseOrderTableViewCell.swift */; };
		206F725D2B48F482008314D7 /* ShouldReviseOrder.swift in Sources */ = {isa = PBXBuildFile; fileRef = 206F725C2B48F482008314D7 /* ShouldReviseOrder.swift */; };
		2077A1D02B4157C1006AD869 /* AppDelegate.swift in Sources */ = {isa = PBXBuildFile; fileRef = 2077A1CF2B4157C1006AD869 /* AppDelegate.swift */; };
		2077A1D22B4157C1006AD869 /* SceneDelegate.swift in Sources */ = {isa = PBXBuildFile; fileRef = 2077A1D12B4157C1006AD869 /* SceneDelegate.swift */; };
		2077A1D72B4157C1006AD869 /* Main.storyboard in Resources */ = {isa = PBXBuildFile; fileRef = 2077A1D52B4157C1006AD869 /* Main.storyboard */; };
		2077A1D92B4157C3006AD869 /* Assets.xcassets in Resources */ = {isa = PBXBuildFile; fileRef = 2077A1D82B4157C3006AD869 /* Assets.xcassets */; };
		2077A1DC2B4157C3006AD869 /* LaunchScreen.storyboard in Resources */ = {isa = PBXBuildFile; fileRef = 2077A1DA2B4157C3006AD869 /* LaunchScreen.storyboard */; };
		2077A1E42B4157E6006AD869 /* BeverageJSON.swift in Sources */ = {isa = PBXBuildFile; fileRef = 2077A1E32B4157E6006AD869 /* BeverageJSON.swift */; };
		2077A1E62B415807006AD869 /* CategoryTableViewController.swift in Sources */ = {isa = PBXBuildFile; fileRef = 2077A1E52B415807006AD869 /* CategoryTableViewController.swift */; };
		207DA4932B469E320063067F /* AirtableCodableJSON.swift in Sources */ = {isa = PBXBuildFile; fileRef = 207DA4922B469E320063067F /* AirtableCodableJSON.swift */; };
		207DA4952B469EEB0063067F /* LoginViewController.swift in Sources */ = {isa = PBXBuildFile; fileRef = 207DA4942B469EEB0063067F /* LoginViewController.swift */; };
		207FD1952B4C0D4400167081 /* URLHelper.swift in Sources */ = {isa = PBXBuildFile; fileRef = 207FD1942B4C0D4400167081 /* URLHelper.swift */; };
		209C0FEB2B51381F00ABD556 /* CheckTableViewCell.swift in Sources */ = {isa = PBXBuildFile; fileRef = 209C0FEA2B51381E00ABD556 /* CheckTableViewCell.swift */; };
/* End PBXBuildFile section */

/* Begin PBXFileReference section */
		206D35FB2B440E3800260EF1 /* CategoryTableViewCell.swift */ = {isa = PBXFileReference; lastKnownFileType = sourcecode.swift; path = CategoryTableViewCell.swift; sourceTree = "<group>"; };
		206D36002B44222F00260EF1 /* BeverageTableViewCell.swift */ = {isa = PBXFileReference; lastKnownFileType = sourcecode.swift; path = BeverageTableViewCell.swift; sourceTree = "<group>"; };
		206D36022B44224400260EF1 /* BeverageTableViewController.swift */ = {isa = PBXFileReference; lastKnownFileType = sourcecode.swift; path = BeverageTableViewController.swift; sourceTree = "<group>"; };
		206D36042B456A0700260EF1 /* DetailViewController.swift */ = {isa = PBXFileReference; lastKnownFileType = sourcecode.swift; path = DetailViewController.swift; sourceTree = "<group>"; };
		206D46D92B4E8019001D76EA /* CheckTableViewController.swift */ = {isa = PBXFileReference; lastKnownFileType = sourcecode.swift; path = CheckTableViewController.swift; sourceTree = "<group>"; };
		206F72582B48F137008314D7 /* ReviseOrderTableViewController.swift */ = {isa = PBXFileReference; lastKnownFileType = sourcecode.swift; path = ReviseOrderTableViewController.swift; sourceTree = "<group>"; };
		206F725A2B48F15E008314D7 /* ReviseOrderTableViewCell.swift */ = {isa = PBXFileReference; lastKnownFileType = sourcecode.swift; path = ReviseOrderTableViewCell.swift; sourceTree = "<group>"; };
		206F725C2B48F482008314D7 /* ShouldReviseOrder.swift */ = {isa = PBXFileReference; lastKnownFileType = sourcecode.swift; path = ShouldReviseOrder.swift; sourceTree = "<group>"; };
		2077A1CC2B4157C1006AD869 /* BeverageOrder.app */ = {isa = PBXFileReference; explicitFileType = wrapper.application; includeInIndex = 0; path = BeverageOrder.app; sourceTree = BUILT_PRODUCTS_DIR; };
		2077A1CF2B4157C1006AD869 /* AppDelegate.swift */ = {isa = PBXFileReference; lastKnownFileType = sourcecode.swift; path = AppDelegate.swift; sourceTree = "<group>"; };
		2077A1D12B4157C1006AD869 /* SceneDelegate.swift */ = {isa = PBXFileReference; lastKnownFileType = sourcecode.swift; path = SceneDelegate.swift; sourceTree = "<group>"; };
		2077A1D62B4157C1006AD869 /* Base */ = {isa = PBXFileReference; lastKnownFileType = file.storyboard; name = Base; path = Base.lproj/Main.storyboard; sourceTree = "<group>"; };
		2077A1D82B4157C3006AD869 /* Assets.xcassets */ = {isa = PBXFileReference; lastKnownFileType = folder.assetcatalog; path = Assets.xcassets; sourceTree = "<group>"; };
		2077A1DB2B4157C3006AD869 /* Base */ = {isa = PBXFileReference; lastKnownFileType = file.storyboard; name = Base; path = Base.lproj/LaunchScreen.storyboard; sourceTree = "<group>"; };
		2077A1DD2B4157C3006AD869 /* Info.plist */ = {isa = PBXFileReference; lastKnownFileType = text.plist.xml; path = Info.plist; sourceTree = "<group>"; };
		2077A1E32B4157E6006AD869 /* BeverageJSON.swift */ = {isa = PBXFileReference; lastKnownFileType = sourcecode.swift; path = BeverageJSON.swift; sourceTree = "<group>"; };
		2077A1E52B415807006AD869 /* CategoryTableViewController.swift */ = {isa = PBXFileReference; lastKnownFileType = sourcecode.swift; path = CategoryTableViewController.swift; sourceTree = "<group>"; };
		207DA4922B469E320063067F /* AirtableCodableJSON.swift */ = {isa = PBXFileReference; lastKnownFileType = sourcecode.swift; path = AirtableCodableJSON.swift; sourceTree = "<group>"; };
		207DA4942B469EEB0063067F /* LoginViewController.swift */ = {isa = PBXFileReference; lastKnownFileType = sourcecode.swift; path = LoginViewController.swift; sourceTree = "<group>"; };
		207FD1942B4C0D4400167081 /* URLHelper.swift */ = {isa = PBXFileReference; lastKnownFileType = sourcecode.swift; path = URLHelper.swift; sourceTree = "<group>"; };
		209C0FEA2B51381E00ABD556 /* CheckTableViewCell.swift */ = {isa = PBXFileReference; lastKnownFileType = sourcecode.swift; path = CheckTableViewCell.swift; sourceTree = "<group>"; };
/* End PBXFileReference section */

/* Begin PBXFrameworksBuildPhase section */
		2077A1C92B4157C1006AD869 /* Frameworks */ = {
			isa = PBXFrameworksBuildPhase;
			buildActionMask = 2147483647;
			files = (
				206D35FF2B4416BC00260EF1 /* Kingfisher in Frameworks */,
			);
			runOnlyForDeploymentPostprocessing = 0;
		};
/* End PBXFrameworksBuildPhase section */

/* Begin PBXGroup section */
		2077A1C32B4157C1006AD869 = {
			isa = PBXGroup;
			children = (
				2077A1CE2B4157C1006AD869 /* BeverageOrder */,
				2077A1CD2B4157C1006AD869 /* Products */,
			);
			sourceTree = "<group>";
		};
		2077A1CD2B4157C1006AD869 /* Products */ = {
			isa = PBXGroup;
			children = (
				2077A1CC2B4157C1006AD869 /* BeverageOrder.app */,
			);
			name = Products;
			sourceTree = "<group>";
		};
		2077A1CE2B4157C1006AD869 /* BeverageOrder */ = {
			isa = PBXGroup;
			children = (
				207FD1942B4C0D4400167081 /* URLHelper.swift */,
				2091C71E2B43F2860006F4E5 /* Controller */,
				2091C71D2B43F27B0006F4E5 /* View */,
				2091C71C2B43F24A0006F4E5 /* Model */,
				2077A1CF2B4157C1006AD869 /* AppDelegate.swift */,
				2077A1D12B4157C1006AD869 /* SceneDelegate.swift */,
				2077A1D82B4157C3006AD869 /* Assets.xcassets */,
				2077A1DD2B4157C3006AD869 /* Info.plist */,
			);
			path = BeverageOrder;
			sourceTree = "<group>";
		};
		2091C71C2B43F24A0006F4E5 /* Model */ = {
			isa = PBXGroup;
			children = (
				2077A1E32B4157E6006AD869 /* BeverageJSON.swift */,
				207DA4922B469E320063067F /* AirtableCodableJSON.swift */,
			);
			path = Model;
			sourceTree = "<group>";
		};
		2091C71D2B43F27B0006F4E5 /* View */ = {
			isa = PBXGroup;
			children = (
				2077A1D52B4157C1006AD869 /* Main.storyboard */,
				2077A1DA2B4157C3006AD869 /* LaunchScreen.storyboard */,
			);
			path = View;
			sourceTree = "<group>";
		};
		2091C71E2B43F2860006F4E5 /* Controller */ = {
			isa = PBXGroup;
			children = (
				207DA4942B469EEB0063067F /* LoginViewController.swift */,
				2077A1E52B415807006AD869 /* CategoryTableViewController.swift */,
				206D35FB2B440E3800260EF1 /* CategoryTableViewCell.swift */,
				206D36022B44224400260EF1 /* BeverageTableViewController.swift */,
				206D36002B44222F00260EF1 /* BeverageTableViewCell.swift */,
				206D36042B456A0700260EF1 /* DetailViewController.swift */,
				206F72582B48F137008314D7 /* ReviseOrderTableViewController.swift */,
				206F725A2B48F15E008314D7 /* ReviseOrderTableViewCell.swift */,
				206D46D92B4E8019001D76EA /* CheckTableViewController.swift */,
				209C0FEA2B51381E00ABD556 /* CheckTableViewCell.swift */,
				206F725C2B48F482008314D7 /* ShouldReviseOrder.swift */,
			);
			path = Controller;
			sourceTree = "<group>";
		};
/* End PBXGroup section */

/* Begin PBXNativeTarget section */
		2077A1CB2B4157C1006AD869 /* BeverageOrder */ = {
			isa = PBXNativeTarget;
			buildConfigurationList = 2077A1E02B4157C3006AD869 /* Build configuration list for PBXNativeTarget "BeverageOrder" */;
			buildPhases = (
				2077A1C82B4157C1006AD869 /* Sources */,
				2077A1C92B4157C1006AD869 /* Frameworks */,
				2077A1CA2B4157C1006AD869 /* Resources */,
			);
			buildRules = (
			);
			dependencies = (
			);
			name = BeverageOrder;
			packageProductDependencies = (
				206D35FE2B4416BC00260EF1 /* Kingfisher */,
			);
			productName = BeverageOrder;
			productReference = 2077A1CC2B4157C1006AD869 /* BeverageOrder.app */;
			productType = "com.apple.product-type.application";
		};
/* End PBXNativeTarget section */

/* Begin PBXProject section */
		2077A1C42B4157C1006AD869 /* Project object */ = {
			isa = PBXProject;
			attributes = {
				BuildIndependentTargetsInParallel = 1;
				LastSwiftUpdateCheck = 1420;
				LastUpgradeCheck = 1420;
				TargetAttributes = {
					2077A1CB2B4157C1006AD869 = {
						CreatedOnToolsVersion = 14.2;
					};
				};
			};
			buildConfigurationList = 2077A1C72B4157C1006AD869 /* Build configuration list for PBXProject "BeverageOrder" */;
			compatibilityVersion = "Xcode 14.0";
			developmentRegion = en;
			hasScannedForEncodings = 0;
			knownRegions = (
				en,
				Base,
			);
			mainGroup = 2077A1C32B4157C1006AD869;
			packageReferences = (
				206D35FD2B4416BC00260EF1 /* XCRemoteSwiftPackageReference "Kingfisher" */,
			);
			productRefGroup = 2077A1CD2B4157C1006AD869 /* Products */;
			projectDirPath = "";
			projectRoot = "";
			targets = (
				2077A1CB2B4157C1006AD869 /* BeverageOrder */,
			);
		};
/* End PBXProject section */

/* Begin PBXResourcesBuildPhase section */
		2077A1CA2B4157C1006AD869 /* Resources */ = {
			isa = PBXResourcesBuildPhase;
			buildActionMask = 2147483647;
			files = (
				2077A1DC2B4157C3006AD869 /* LaunchScreen.storyboard in Resources */,
				2077A1D92B4157C3006AD869 /* Assets.xcassets in Resources */,
				2077A1D72B4157C1006AD869 /* Main.storyboard in Resources */,
			);
			runOnlyForDeploymentPostprocessing = 0;
		};
/* End PBXResourcesBuildPhase section */

/* Begin PBXSourcesBuildPhase section */
		2077A1C82B4157C1006AD869 /* Sources */ = {
			isa = PBXSourcesBuildPhase;
			buildActionMask = 2147483647;
			files = (
				207DA4932B469E320063067F /* AirtableCodableJSON.swift in Sources */,
				206D36012B44222F00260EF1 /* BeverageTableViewCell.swift in Sources */,
				206D35FC2B440E3800260EF1 /* CategoryTableViewCell.swift in Sources */,
				2077A1E42B4157E6006AD869 /* BeverageJSON.swift in Sources */,
				209C0FEB2B51381F00ABD556 /* CheckTableViewCell.swift in Sources */,
				2077A1D02B4157C1006AD869 /* AppDelegate.swift in Sources */,
				2077A1D22B4157C1006AD869 /* SceneDelegate.swift in Sources */,
				206D36032B44224400260EF1 /* BeverageTableViewController.swift in Sources */,
				207FD1952B4C0D4400167081 /* URLHelper.swift in Sources */,
				2077A1E62B415807006AD869 /* CategoryTableViewController.swift in Sources */,
				206F72592B48F137008314D7 /* ReviseOrderTableViewController.swift in Sources */,
				207DA4952B469EEB0063067F /* LoginViewController.swift in Sources */,
				206F725D2B48F482008314D7 /* ShouldReviseOrder.swift in Sources */,
				206F725B2B48F15E008314D7 /* ReviseOrderTableViewCell.swift in Sources */,
				206D36052B456A0700260EF1 /* DetailViewController.swift in Sources */,
				206D46DA2B4E8019001D76EA /* CheckTableViewController.swift in Sources */,
			);
			runOnlyForDeploymentPostprocessing = 0;
		};
/* End PBXSourcesBuildPhase section */

/* Begin PBXVariantGroup section */
		2077A1D52B4157C1006AD869 /* Main.storyboard */ = {
			isa = PBXVariantGroup;
			children = (
				2077A1D62B4157C1006AD869 /* Base */,
			);
			name = Main.storyboard;
			sourceTree = "<group>";
		};
		2077A1DA2B4157C3006AD869 /* LaunchScreen.storyboard */ = {
			isa = PBXVariantGroup;
			children = (
				2077A1DB2B4157C3006AD869 /* Base */,
			);
			name = LaunchScreen.storyboard;
			sourceTree = "<group>";
		};
/* End PBXVariantGroup section */

/* Begin XCBuildConfiguration section */
		2077A1DE2B4157C3006AD869 /* Debug */ = {
			isa = XCBuildConfiguration;
			buildSettings = {
				ALWAYS_SEARCH_USER_PATHS = NO;
				CLANG_ANALYZER_NONNULL = YES;
				CLANG_ANALYZER_NUMBER_OBJECT_CONVERSION = YES_AGGRESSIVE;
				CLANG_CXX_LANGUAGE_STANDARD = "gnu++20";
				CLANG_ENABLE_MODULES = YES;
				CLANG_ENABLE_OBJC_ARC = YES;
				CLANG_ENABLE_OBJC_WEAK = YES;
				CLANG_WARN_BLOCK_CAPTURE_AUTORELEASING = YES;
				CLANG_WARN_BOOL_CONVERSION = YES;
				CLANG_WARN_COMMA = YES;
				CLANG_WARN_CONSTANT_CONVERSION = YES;
				CLANG_WARN_DEPRECATED_OBJC_IMPLEMENTATIONS = YES;
				CLANG_WARN_DIRECT_OBJC_ISA_USAGE = YES_ERROR;
				CLANG_WARN_DOCUMENTATION_COMMENTS = YES;
				CLANG_WARN_EMPTY_BODY = YES;
				CLANG_WARN_ENUM_CONVERSION = YES;
				CLANG_WARN_INFINITE_RECURSION = YES;
				CLANG_WARN_INT_CONVERSION = YES;
				CLANG_WARN_NON_LITERAL_NULL_CONVERSION = YES;
				CLANG_WARN_OBJC_IMPLICIT_RETAIN_SELF = YES;
				CLANG_WARN_OBJC_LITERAL_CONVERSION = YES;
				CLANG_WARN_OBJC_ROOT_CLASS = YES_ERROR;
				CLANG_WARN_QUOTED_INCLUDE_IN_FRAMEWORK_HEADER = YES;
				CLANG_WARN_RANGE_LOOP_ANALYSIS = YES;
				CLANG_WARN_STRICT_PROTOTYPES = YES;
				CLANG_WARN_SUSPICIOUS_MOVE = YES;
				CLANG_WARN_UNGUARDED_AVAILABILITY = YES_AGGRESSIVE;
				CLANG_WARN_UNREACHABLE_CODE = YES;
				CLANG_WARN__DUPLICATE_METHOD_MATCH = YES;
				COPY_PHASE_STRIP = NO;
				DEBUG_INFORMATION_FORMAT = dwarf;
				ENABLE_STRICT_OBJC_MSGSEND = YES;
				ENABLE_TESTABILITY = YES;
				GCC_C_LANGUAGE_STANDARD = gnu11;
				GCC_DYNAMIC_NO_PIC = NO;
				GCC_NO_COMMON_BLOCKS = YES;
				GCC_OPTIMIZATION_LEVEL = 0;
				GCC_PREPROCESSOR_DEFINITIONS = (
					"DEBUG=1",
					"$(inherited)",
				);
				GCC_WARN_64_TO_32_BIT_CONVERSION = YES;
				GCC_WARN_ABOUT_RETURN_TYPE = YES_ERROR;
				GCC_WARN_UNDECLARED_SELECTOR = YES;
				GCC_WARN_UNINITIALIZED_AUTOS = YES_AGGRESSIVE;
				GCC_WARN_UNUSED_FUNCTION = YES;
				GCC_WARN_UNUSED_VARIABLE = YES;
				IPHONEOS_DEPLOYMENT_TARGET = 16.2;
				MTL_ENABLE_DEBUG_INFO = INCLUDE_SOURCE;
				MTL_FAST_MATH = YES;
				ONLY_ACTIVE_ARCH = YES;
				SDKROOT = iphoneos;
				SWIFT_ACTIVE_COMPILATION_CONDITIONS = DEBUG;
				SWIFT_OPTIMIZATION_LEVEL = "-Onone";
			};
			name = Debug;
		};
		2077A1DF2B4157C3006AD869 /* Release */ = {
			isa = XCBuildConfiguration;
			buildSettings = {
				ALWAYS_SEARCH_USER_PATHS = NO;
				CLANG_ANALYZER_NONNULL = YES;
				CLANG_ANALYZER_NUMBER_OBJECT_CONVERSION = YES_AGGRESSIVE;
				CLANG_CXX_LANGUAGE_STANDARD = "gnu++20";
				CLANG_ENABLE_MODULES = YES;
				CLANG_ENABLE_OBJC_ARC = YES;
				CLANG_ENABLE_OBJC_WEAK = YES;
				CLANG_WARN_BLOCK_CAPTURE_AUTORELEASING = YES;
				CLANG_WARN_BOOL_CONVERSION = YES;
				CLANG_WARN_COMMA = YES;
				CLANG_WARN_CONSTANT_CONVERSION = YES;
				CLANG_WARN_DEPRECATED_OBJC_IMPLEMENTATIONS = YES;
				CLANG_WARN_DIRECT_OBJC_ISA_USAGE = YES_ERROR;
				CLANG_WARN_DOCUMENTATION_COMMENTS = YES;
				CLANG_WARN_EMPTY_BODY = YES;
				CLANG_WARN_ENUM_CONVERSION = YES;
				CLANG_WARN_INFINITE_RECURSION = YES;
				CLANG_WARN_INT_CONVERSION = YES;
				CLANG_WARN_NON_LITERAL_NULL_CONVERSION = YES;
				CLANG_WARN_OBJC_IMPLICIT_RETAIN_SELF = YES;
				CLANG_WARN_OBJC_LITERAL_CONVERSION = YES;
				CLANG_WARN_OBJC_ROOT_CLASS = YES_ERROR;
				CLANG_WARN_QUOTED_INCLUDE_IN_FRAMEWORK_HEADER = YES;
				CLANG_WARN_RANGE_LOOP_ANALYSIS = YES;
				CLANG_WARN_STRICT_PROTOTYPES = YES;
				CLANG_WARN_SUSPICIOUS_MOVE = YES;
				CLANG_WARN_UNGUARDED_AVAILABILITY = YES_AGGRESSIVE;
				CLANG_WARN_UNREACHABLE_CODE = YES;
				CLANG_WARN__DUPLICATE_METHOD_MATCH = YES;
				COPY_PHASE_STRIP = NO;
				DEBUG_INFORMATION_FORMAT = "dwarf-with-dsym";
				ENABLE_NS_ASSERTIONS = NO;
				ENABLE_STRICT_OBJC_MSGSEND = YES;
				GCC_C_LANGUAGE_STANDARD = gnu11;
				GCC_NO_COMMON_BLOCKS = YES;
				GCC_WARN_64_TO_32_BIT_CONVERSION = YES;
				GCC_WARN_ABOUT_RETURN_TYPE = YES_ERROR;
				GCC_WARN_UNDECLARED_SELECTOR = YES;
				GCC_WARN_UNINITIALIZED_AUTOS = YES_AGGRESSIVE;
				GCC_WARN_UNUSED_FUNCTION = YES;
				GCC_WARN_UNUSED_VARIABLE = YES;
				IPHONEOS_DEPLOYMENT_TARGET = 16.2;
				MTL_ENABLE_DEBUG_INFO = NO;
				MTL_FAST_MATH = YES;
				SDKROOT = iphoneos;
				SWIFT_COMPILATION_MODE = wholemodule;
				SWIFT_OPTIMIZATION_LEVEL = "-O";
				VALIDATE_PRODUCT = YES;
			};
			name = Release;
		};
		2077A1E12B4157C3006AD869 /* Debug */ = {
			isa = XCBuildConfiguration;
			buildSettings = {
				ASSETCATALOG_COMPILER_APPICON_NAME = AppIcon;
				ASSETCATALOG_COMPILER_GLOBAL_ACCENT_COLOR_NAME = AccentColor;
				CODE_SIGN_STYLE = Automatic;
				CURRENT_PROJECT_VERSION = 1;
				DEVELOPMENT_TEAM = 875HDC4R7F;
				GENERATE_INFOPLIST_FILE = YES;
				INFOPLIST_FILE = BeverageOrder/Info.plist;
				INFOPLIST_KEY_UIApplicationSupportsIndirectInputEvents = YES;
				INFOPLIST_KEY_UILaunchStoryboardName = LaunchScreen;
				INFOPLIST_KEY_UIMainStoryboardFile = Main;
				INFOPLIST_KEY_UISupportedInterfaceOrientations_iPad = "UIInterfaceOrientationPortrait UIInterfaceOrientationPortraitUpsideDown UIInterfaceOrientationLandscapeLeft UIInterfaceOrientationLandscapeRight";
				INFOPLIST_KEY_UISupportedInterfaceOrientations_iPhone = "UIInterfaceOrientationPortrait UIInterfaceOrientationLandscapeLeft UIInterfaceOrientationLandscapeRight";
				LD_RUNPATH_SEARCH_PATHS = (
					"$(inherited)",
					"@executable_path/Frameworks",
				);
				MARKETING_VERSION = 1.0;
				PRODUCT_BUNDLE_IDENTIFIER = com.appcoda.BeverageOrder;
				PRODUCT_NAME = "$(TARGET_NAME)";
				SWIFT_EMIT_LOC_STRINGS = YES;
				SWIFT_VERSION = 5.0;
				TARGETED_DEVICE_FAMILY = "1,2";
			};
			name = Debug;
		};
		2077A1E22B4157C3006AD869 /* Release */ = {
			isa = XCBuildConfiguration;
			buildSettings = {
				ASSETCATALOG_COMPILER_APPICON_NAME = AppIcon;
				ASSETCATALOG_COMPILER_GLOBAL_ACCENT_COLOR_NAME = AccentColor;
				CODE_SIGN_STYLE = Automatic;
				CURRENT_PROJECT_VERSION = 1;
				DEVELOPMENT_TEAM = 875HDC4R7F;
				GENERATE_INFOPLIST_FILE = YES;
				INFOPLIST_FILE = BeverageOrder/Info.plist;
				INFOPLIST_KEY_UIApplicationSupportsIndirectInputEvents = YES;
				INFOPLIST_KEY_UILaunchStoryboardName = LaunchScreen;
				INFOPLIST_KEY_UIMainStoryboardFile = Main;
				INFOPLIST_KEY_UISupportedInterfaceOrientations_iPad = "UIInterfaceOrientationPortrait UIInterfaceOrientationPortraitUpsideDown UIInterfaceOrientationLandscapeLeft UIInterfaceOrientationLandscapeRight";
				INFOPLIST_KEY_UISupportedInterfaceOrientations_iPhone = "UIInterfaceOrientationPortrait UIInterfaceOrientationLandscapeLeft UIInterfaceOrientationLandscapeRight";
				LD_RUNPATH_SEARCH_PATHS = (
					"$(inherited)",
					"@executable_path/Frameworks",
				);
				MARKETING_VERSION = 1.0;
				PRODUCT_BUNDLE_IDENTIFIER = com.appcoda.BeverageOrder;
				PRODUCT_NAME = "$(TARGET_NAME)";
				SWIFT_EMIT_LOC_STRINGS = YES;
				SWIFT_VERSION = 5.0;
				TARGETED_DEVICE_FAMILY = "1,2";
			};
			name = Release;
		};
/* End XCBuildConfiguration section */

/* Begin XCConfigurationList section */
		2077A1C72B4157C1006AD869 /* Build configuration list for PBXProject "BeverageOrder" */ = {
			isa = XCConfigurationList;
			buildConfigurations = (
				2077A1DE2B4157C3006AD869 /* Debug */,
				2077A1DF2B4157C3006AD869 /* Release */,
			);
			defaultConfigurationIsVisible = 0;
			defaultConfigurationName = Release;
		};
		2077A1E02B4157C3006AD869 /* Build configuration list for PBXNativeTarget "BeverageOrder" */ = {
			isa = XCConfigurationList;
			buildConfigurations = (
				2077A1E12B4157C3006AD869 /* Debug */,
				2077A1E22B4157C3006AD869 /* Release */,
			);
			defaultConfigurationIsVisible = 0;
			defaultConfigurationName = Release;
		};
/* End XCConfigurationList section */

/* Begin XCRemoteSwiftPackageReference section */
		206D35FD2B4416BC00260EF1 /* XCRemoteSwiftPackageReference "Kingfisher" */ = {
			isa = XCRemoteSwiftPackageReference;
			repositoryURL = "https://github.com/onevcat/Kingfisher";
			requirement = {
				kind = upToNextMajorVersion;
				minimumVersion = 7.0.0;
			};
		};
/* End XCRemoteSwiftPackageReference section */

/* Begin XCSwiftPackageProductDependency section */
		206D35FE2B4416BC00260EF1 /* Kingfisher */ = {
			isa = XCSwiftPackageProductDependency;
			package = 206D35FD2B4416BC00260EF1 /* XCRemoteSwiftPackageReference "Kingfisher" */;
			productName = Kingfisher;
		};
/* End XCSwiftPackageProductDependency section */
	};
	rootObject = 2077A1C42B4157C1006AD869 /* Project object */;
}
